// !$*UTF8*$!
{
	archiveVersion = 1;
	classes = {
	};
	objectVersion = 46;
	objects = {

/* Begin PBXBuildFile section */
		12A189401ABFBD0200A70BF5 /* main.m in Sources */ = {isa = PBXBuildFile; fileRef = 12A1893F1ABFBD0200A70BF5 /* main.m */; };
		12A189431ABFBD0200A70BF5 /* AppDelegate.m in Sources */ = {isa = PBXBuildFile; fileRef = 12A189421ABFBD0200A70BF5 /* AppDelegate.m */; };
		12A189461ABFBD0200A70BF5 /* ViewController.m in Sources */ = {isa = PBXBuildFile; fileRef = 12A189451ABFBD0200A70BF5 /* ViewController.m */; };
		12A189491ABFBD0200A70BF5 /* Main.storyboard in Resources */ = {isa = PBXBuildFile; fileRef = 12A189471ABFBD0200A70BF5 /* Main.storyboard */; };
		12A1894B1ABFBD0200A70BF5 /* Images.xcassets in Resources */ = {isa = PBXBuildFile; fileRef = 12A1894A1ABFBD0200A70BF5 /* Images.xcassets */; };
		12A1894E1ABFBD0200A70BF5 /* LaunchScreen.xib in Resources */ = {isa = PBXBuildFile; fileRef = 12A1894C1ABFBD0200A70BF5 /* LaunchScreen.xib */; };
		12A1895A1ABFBD0200A70BF5 /* TTToeTests.m in Sources */ = {isa = PBXBuildFile; fileRef = 12A189591ABFBD0200A70BF5 /* TTToeTests.m */; };
		12A189661ABFC2AD00A70BF5 /* TTTBoard.m in Sources */ = {isa = PBXBuildFile; fileRef = 12A189651ABFC2AD00A70BF5 /* TTTBoard.m */; };
		12A189691ABFC2BB00A70BF5 /* TTTHardSolver.m in Sources */ = {isa = PBXBuildFile; fileRef = 12A189681ABFC2BB00A70BF5 /* TTTHardSolver.m */; };
		12A1896C1ABFC2C900A70BF5 /* TTTSolveHelper.m in Sources */ = {isa = PBXBuildFile; fileRef = 12A1896B1ABFC2C900A70BF5 /* TTTSolveHelper.m */; };
		12A189701ABFC5B400A70BF5 /* TTTBoardView.m in Sources */ = {isa = PBXBuildFile; fileRef = 12A1896F1ABFC5B400A70BF5 /* TTTBoardView.m */; };
/* End PBXBuildFile section */

/* Begin PBXContainerItemProxy section */
		12A189541ABFBD0200A70BF5 /* PBXContainerItemProxy */ = {
			isa = PBXContainerItemProxy;
			containerPortal = 12A189321ABFBD0200A70BF5 /* Project object */;
			proxyType = 1;
			remoteGlobalIDString = 12A189391ABFBD0200A70BF5;
			remoteInfo = TTToe;
		};
/* End PBXContainerItemProxy section */

/* Begin PBXFileReference section */
		12A1893A1ABFBD0200A70BF5 /* TTToe.app */ = {isa = PBXFileReference; explicitFileType = wrapper.application; includeInIndex = 0; path = TTToe.app; sourceTree = BUILT_PRODUCTS_DIR; };
		12A1893E1ABFBD0200A70BF5 /* Info.plist */ = {isa = PBXFileReference; lastKnownFileType = text.plist.xml; path = Info.plist; sourceTree = "<group>"; };
		12A1893F1ABFBD0200A70BF5 /* main.m */ = {isa = PBXFileReference; lastKnownFileType = sourcecode.c.objc; path = main.m; sourceTree = "<group>"; };
		12A189411ABFBD0200A70BF5 /* AppDelegate.h */ = {isa = PBXFileReference; lastKnownFileType = sourcecode.c.h; path = AppDelegate.h; sourceTree = "<group>"; };
		12A189421ABFBD0200A70BF5 /* AppDelegate.m */ = {isa = PBXFileReference; lastKnownFileType = sourcecode.c.objc; path = AppDelegate.m; sourceTree = "<group>"; };
		12A189441ABFBD0200A70BF5 /* ViewController.h */ = {isa = PBXFileReference; lastKnownFileType = sourcecode.c.h; path = ViewController.h; sourceTree = "<group>"; };
		12A189451ABFBD0200A70BF5 /* ViewController.m */ = {isa = PBXFileReference; lastKnownFileType = sourcecode.c.objc; path = ViewController.m; sourceTree = "<group>"; };
		12A189481ABFBD0200A70BF5 /* Base */ = {isa = PBXFileReference; lastKnownFileType = file.storyboard; name = Base; path = Base.lproj/Main.storyboard; sourceTree = "<group>"; };
		12A1894A1ABFBD0200A70BF5 /* Images.xcassets */ = {isa = PBXFileReference; lastKnownFileType = folder.assetcatalog; path = Images.xcassets; sourceTree = "<group>"; };
		12A1894D1ABFBD0200A70BF5 /* Base */ = {isa = PBXFileReference; lastKnownFileType = file.xib; name = Base; path = Base.lproj/LaunchScreen.xib; sourceTree = "<group>"; };
		12A189531ABFBD0200A70BF5 /* TTToeTests.xctest */ = {isa = PBXFileReference; explicitFileType = wrapper.cfbundle; includeInIndex = 0; path = TTToeTests.xctest; sourceTree = BUILT_PRODUCTS_DIR; };
		12A189581ABFBD0200A70BF5 /* Info.plist */ = {isa = PBXFileReference; lastKnownFileType = text.plist.xml; path = Info.plist; sourceTree = "<group>"; };
		12A189591ABFBD0200A70BF5 /* TTToeTests.m */ = {isa = PBXFileReference; lastKnownFileType = sourcecode.c.objc; path = TTToeTests.m; sourceTree = "<group>"; };
		12A189641ABFC2AD00A70BF5 /* TTTBoard.h */ = {isa = PBXFileReference; fileEncoding = 4; lastKnownFileType = sourcecode.c.h; path = TTTBoard.h; sourceTree = "<group>"; };
		12A189651ABFC2AD00A70BF5 /* TTTBoard.m */ = {isa = PBXFileReference; fileEncoding = 4; lastKnownFileType = sourcecode.c.objc; path = TTTBoard.m; sourceTree = "<group>"; };
		12A189671ABFC2BB00A70BF5 /* TTTHardSolver.h */ = {isa = PBXFileReference; fileEncoding = 4; lastKnownFileType = sourcecode.c.h; path = TTTHardSolver.h; sourceTree = "<group>"; };
		12A189681ABFC2BB00A70BF5 /* TTTHardSolver.m */ = {isa = PBXFileReference; fileEncoding = 4; lastKnownFileType = sourcecode.c.objc; path = TTTHardSolver.m; sourceTree = "<group>"; };
		12A1896A1ABFC2C900A70BF5 /* TTTSolveHelper.h */ = {isa = PBXFileReference; fileEncoding = 4; lastKnownFileType = sourcecode.c.h; path = TTTSolveHelper.h; sourceTree = "<group>"; };
		12A1896B1ABFC2C900A70BF5 /* TTTSolveHelper.m */ = {isa = PBXFileReference; fileEncoding = 4; lastKnownFileType = sourcecode.c.objc; path = TTTSolveHelper.m; sourceTree = "<group>"; };
		12A1896D1ABFC2D600A70BF5 /* TTTSolving.h */ = {isa = PBXFileReference; fileEncoding = 4; lastKnownFileType = sourcecode.c.h; path = TTTSolving.h; sourceTree = "<group>"; };
		12A1896E1ABFC5B400A70BF5 /* TTTBoardView.h */ = {isa = PBXFileReference; fileEncoding = 4; lastKnownFileType = sourcecode.c.h; path = TTTBoardView.h; sourceTree = "<group>"; };
		12A1896F1ABFC5B400A70BF5 /* TTTBoardView.m */ = {isa = PBXFileReference; fileEncoding = 4; lastKnownFileType = sourcecode.c.objc; path = TTTBoardView.m; sourceTree = "<group>"; };
/* End PBXFileReference section */

/* Begin PBXFrameworksBuildPhase section */
		12A189371ABFBD0200A70BF5 /* Frameworks */ = {
			isa = PBXFrameworksBuildPhase;
			buildActionMask = 2147483647;
			files = (
			);
			runOnlyForDeploymentPostprocessing = 0;
		};
		12A189501ABFBD0200A70BF5 /* Frameworks */ = {
			isa = PBXFrameworksBuildPhase;
			buildActionMask = 2147483647;
			files = (
			);
			runOnlyForDeploymentPostprocessing = 0;
		};
/* End PBXFrameworksBuildPhase section */

/* Begin PBXGroup section */
		12A189311ABFBD0200A70BF5 = {
			isa = PBXGroup;
			children = (
				12A1893C1ABFBD0200A70BF5 /* TTToe */,
				12A189561ABFBD0200A70BF5 /* TTToeTests */,
				12A1893B1ABFBD0200A70BF5 /* Products */,
			);
			sourceTree = "<group>";
		};
		12A1893B1ABFBD0200A70BF5 /* Products */ = {
			isa = PBXGroup;
			children = (
				12A1893A1ABFBD0200A70BF5 /* TTToe.app */,
				12A189531ABFBD0200A70BF5 /* TTToeTests.xctest */,
			);
			name = Products;
			sourceTree = "<group>";
		};
		12A1893C1ABFBD0200A70BF5 /* TTToe */ = {
			isa = PBXGroup;
			children = (
				12A189631ABFC28000A70BF5 /* LogicClasses */,
				12A189411ABFBD0200A70BF5 /* AppDelegate.h */,
				12A189421ABFBD0200A70BF5 /* AppDelegate.m */,
				12A189441ABFBD0200A70BF5 /* ViewController.h */,
				12A189451ABFBD0200A70BF5 /* ViewController.m */,
				12A189471ABFBD0200A70BF5 /* Main.storyboard */,
				12A1894A1ABFBD0200A70BF5 /* Images.xcassets */,
				12A1894C1ABFBD0200A70BF5 /* LaunchScreen.xib */,
				12A1893D1ABFBD0200A70BF5 /* Supporting Files */,
				12A1896E1ABFC5B400A70BF5 /* TTTBoardView.h */,
				12A1896F1ABFC5B400A70BF5 /* TTTBoardView.m */,
			);
			path = TTToe;
			sourceTree = "<group>";
		};
		12A1893D1ABFBD0200A70BF5 /* Supporting Files */ = {
			isa = PBXGroup;
			children = (
				12A1893E1ABFBD0200A70BF5 /* Info.plist */,
				12A1893F1ABFBD0200A70BF5 /* main.m */,
			);
			name = "Supporting Files";
			sourceTree = "<group>";
		};
		12A189561ABFBD0200A70BF5 /* TTToeTests */ = {
			isa = PBXGroup;
			children = (
				12A189591ABFBD0200A70BF5 /* TTToeTests.m */,
				12A189571ABFBD0200A70BF5 /* Supporting Files */,
			);
			path = TTToeTests;
			sourceTree = "<group>";
		};
		12A189571ABFBD0200A70BF5 /* Supporting Files */ = {
			isa = PBXGroup;
			children = (
				12A189581ABFBD0200A70BF5 /* Info.plist */,
			);
			name = "Supporting Files";
			sourceTree = "<group>";
		};
		12A189631ABFC28000A70BF5 /* LogicClasses */ = {
			isa = PBXGroup;
			children = (
				12A189641ABFC2AD00A70BF5 /* TTTBoard.h */,
				12A189651ABFC2AD00A70BF5 /* TTTBoard.m */,
				12A189671ABFC2BB00A70BF5 /* TTTHardSolver.h */,
				12A189681ABFC2BB00A70BF5 /* TTTHardSolver.m */,
				12A1896A1ABFC2C900A70BF5 /* TTTSolveHelper.h */,
				12A1896B1ABFC2C900A70BF5 /* TTTSolveHelper.m */,
				12A1896D1ABFC2D600A70BF5 /* TTTSolving.h */,
			);
			name = LogicClasses;
			sourceTree = "<group>";
		};
/* End PBXGroup section */

/* Begin PBXNativeTarget section */
		12A189391ABFBD0200A70BF5 /* TTToe */ = {
			isa = PBXNativeTarget;
			buildConfigurationList = 12A1895D1ABFBD0200A70BF5 /* Build configuration list for PBXNativeTarget "TTToe" */;
			buildPhases = (
				12A189361ABFBD0200A70BF5 /* Sources */,
				12A189371ABFBD0200A70BF5 /* Frameworks */,
				12A189381ABFBD0200A70BF5 /* Resources */,
			);
			buildRules = (
			);
			dependencies = (
			);
			name = TTToe;
			productName = TTToe;
			productReference = 12A1893A1ABFBD0200A70BF5 /* TTToe.app */;
			productType = "com.apple.product-type.application";
		};
		12A189521ABFBD0200A70BF5 /* TTToeTests */ = {
			isa = PBXNativeTarget;
			buildConfigurationList = 12A189601ABFBD0200A70BF5 /* Build configuration list for PBXNativeTarget "TTToeTests" */;
			buildPhases = (
				12A1894F1ABFBD0200A70BF5 /* Sources */,
				12A189501ABFBD0200A70BF5 /* Frameworks */,
				12A189511ABFBD0200A70BF5 /* Resources */,
			);
			buildRules = (
			);
			dependencies = (
				12A189551ABFBD0200A70BF5 /* PBXTargetDependency */,
			);
			name = TTToeTests;
			productName = TTToeTests;
			productReference = 12A189531ABFBD0200A70BF5 /* TTToeTests.xctest */;
			productType = "com.apple.product-type.bundle.unit-test";
		};
/* End PBXNativeTarget section */

/* Begin PBXProject section */
		12A189321ABFBD0200A70BF5 /* Project object */ = {
			isa = PBXProject;
			attributes = {
				LastUpgradeCheck = 0610;
				ORGANIZATIONNAME = "Jonathan Salvador";
				TargetAttributes = {
					12A189391ABFBD0200A70BF5 = {
						CreatedOnToolsVersion = 6.1.1;
					};
					12A189521ABFBD0200A70BF5 = {
						CreatedOnToolsVersion = 6.1.1;
						TestTargetID = 12A189391ABFBD0200A70BF5;
					};
				};
			};
			buildConfigurationList = 12A189351ABFBD0200A70BF5 /* Build configuration list for PBXProject "TTToe" */;
			compatibilityVersion = "Xcode 3.2";
			developmentRegion = English;
			hasScannedForEncodings = 0;
			knownRegions = (
				en,
				Base,
			);
			mainGroup = 12A189311ABFBD0200A70BF5;
			productRefGroup = 12A1893B1ABFBD0200A70BF5 /* Products */;
			projectDirPath = "";
			projectRoot = "";
			targets = (
				12A189391ABFBD0200A70BF5 /* TTToe */,
				12A189521ABFBD0200A70BF5 /* TTToeTests */,
			);
		};
/* End PBXProject section */

/* Begin PBXResourcesBuildPhase section */
		12A189381ABFBD0200A70BF5 /* Resources */ = {
			isa = PBXResourcesBuildPhase;
			buildActionMask = 2147483647;
			files = (
				12A189491ABFBD0200A70BF5 /* Main.storyboard in Resources */,
				12A1894E1ABFBD0200A70BF5 /* LaunchScreen.xib in Resources */,
				12A1894B1ABFBD0200A70BF5 /* Images.xcassets in Resources */,
			);
			runOnlyForDeploymentPostprocessing = 0;
		};
		12A189511ABFBD0200A70BF5 /* Resources */ = {
			isa = PBXResourcesBuildPhase;
			buildActionMask = 2147483647;
			files = (
			);
			runOnlyForDeploymentPostprocessing = 0;
		};
/* End PBXResourcesBuildPhase section */

/* Begin PBXSourcesBuildPhase section */
		12A189361ABFBD0200A70BF5 /* Sources */ = {
			isa = PBXSourcesBuildPhase;
			buildActionMask = 2147483647;
			files = (
				12A189691ABFC2BB00A70BF5 /* TTTHardSolver.m in Sources */,
				12A189461ABFBD0200A70BF5 /* ViewController.m in Sources */,
				12A1896C1ABFC2C900A70BF5 /* TTTSolveHelper.m in Sources */,
				12A189701ABFC5B400A70BF5 /* TTTBoardView.m in Sources */,
				12A189661ABFC2AD00A70BF5 /* TTTBoard.m in Sources */,
				12A189431ABFBD0200A70BF5 /* AppDelegate.m in Sources */,
				12A189401ABFBD0200A70BF5 /* main.m in Sources */,
			);
			runOnlyForDeploymentPostprocessing = 0;
		};
		12A1894F1ABFBD0200A70BF5 /* Sources */ = {
			isa = PBXSourcesBuildPhase;
			buildActionMask = 2147483647;
			files = (
				12A1895A1ABFBD0200A70BF5 /* TTToeTests.m in Sources */,
			);
			runOnlyForDeploymentPostprocessing = 0;
		};
/* End PBXSourcesBuildPhase section */

/* Begin PBXTargetDependency section */
		12A189551ABFBD0200A70BF5 /* PBXTargetDependency */ = {
			isa = PBXTargetDependency;
			target = 12A189391ABFBD0200A70BF5 /* TTToe */;
			targetProxy = 12A189541ABFBD0200A70BF5 /* PBXContainerItemProxy */;
		};
/* End PBXTargetDependency section */

/* Begin PBXVariantGroup section */
		12A189471ABFBD0200A70BF5 /* Main.storyboard */ = {
			isa = PBXVariantGroup;
			children = (
				12A189481ABFBD0200A70BF5 /* Base */,
			);
			name = Main.storyboard;
			sourceTree = "<group>";
		};
		12A1894C1ABFBD0200A70BF5 /* LaunchScreen.xib */ = {
			isa = PBXVariantGroup;
			children = (
				12A1894D1ABFBD0200A70BF5 /* Base */,
			);
			name = LaunchScreen.xib;
			sourceTree = "<group>";
		};
/* End PBXVariantGroup section */

/* Begin XCBuildConfiguration section */
		12A1895B1ABFBD0200A70BF5 /* Debug */ = {
			isa = XCBuildConfiguration;
			buildSettings = {
				ALWAYS_SEARCH_USER_PATHS = NO;
				CLANG_CXX_LANGUAGE_STANDARD = "gnu++0x";
				CLANG_CXX_LIBRARY = "libc++";
				CLANG_ENABLE_MODULES = YES;
				CLANG_ENABLE_OBJC_ARC = YES;
				CLANG_WARN_BOOL_CONVERSION = YES;
				CLANG_WARN_CONSTANT_CONVERSION = YES;
				CLANG_WARN_DIRECT_OBJC_ISA_USAGE = YES_ERROR;
				CLANG_WARN_EMPTY_BODY = YES;
				CLANG_WARN_ENUM_CONVERSION = YES;
				CLANG_WARN_INT_CONVERSION = YES;
				CLANG_WARN_OBJC_ROOT_CLASS = YES_ERROR;
				CLANG_WARN_UNREACHABLE_CODE = YES;
				CLANG_WARN__DUPLICATE_METHOD_MATCH = YES;
				"CODE_SIGN_IDENTITY[sdk=iphoneos*]" = "iPhone Developer";
				COPY_PHASE_STRIP = NO;
				ENABLE_STRICT_OBJC_MSGSEND = YES;
				GCC_C_LANGUAGE_STANDARD = gnu99;
				GCC_DYNAMIC_NO_PIC = NO;
				GCC_OPTIMIZATION_LEVEL = 0;
				GCC_PREPROCESSOR_DEFINITIONS = (
					"DEBUG=1",
					"$(inherited)",
				);
				GCC_SYMBOLS_PRIVATE_EXTERN = NO;
				GCC_WARN_64_TO_32_BIT_CONVERSION = YES;
				GCC_WARN_ABOUT_RETURN_TYPE = YES_ERROR;
				GCC_WARN_UNDECLARED_SELECTOR = YES;
				GCC_WARN_UNINITIALIZED_AUTOS = YES_AGGRESSIVE;
				GCC_WARN_UNUSED_FUNCTION = YES;
				GCC_WARN_UNUSED_VARIABLE = YES;
				IPHONEOS_DEPLOYMENT_TARGET = 8.1;
				MTL_ENABLE_DEBUG_INFO = YES;
				ONLY_ACTIVE_ARCH = YES;
				SDKROOT = iphoneos;
			};
			name = Debug;
		};
		12A1895C1ABFBD0200A70BF5 /* Release */ = {
			isa = XCBuildConfiguration;
			buildSettings = {
				ALWAYS_SEARCH_USER_PATHS = NO;
				CLANG_CXX_LANGUAGE_STANDARD = "gnu++0x";
				CLANG_CXX_LIBRARY = "libc++";
				CLANG_ENABLE_MODULES = YES;
				CLANG_ENABLE_OBJC_ARC = YES;
				CLANG_WARN_BOOL_CONVERSION = YES;
				CLANG_WARN_CONSTANT_CONVERSION = YES;
				CLANG_WARN_DIRECT_OBJC_ISA_USAGE = YES_ERROR;
				CLANG_WARN_EMPTY_BODY = YES;
				CLANG_WARN_ENUM_CONVERSION = YES;
				CLANG_WARN_INT_CONVERSION = YES;
				CLANG_WARN_OBJC_ROOT_CLASS = YES_ERROR;
				CLANG_WARN_UNREACHABLE_CODE = YES;
				CLANG_WARN__DUPLICATE_METHOD_MATCH = YES;
				"CODE_SIGN_IDENTITY[sdk=iphoneos*]" = "iPhone Developer";
				COPY_PHASE_STRIP = YES;
				ENABLE_NS_ASSERTIONS = NO;
				ENABLE_STRICT_OBJC_MSGSEND = YES;
				GCC_C_LANGUAGE_STANDARD = gnu99;
				GCC_WARN_64_TO_32_BIT_CONVERSION = YES;
				GCC_WARN_ABOUT_RETURN_TYPE = YES_ERROR;
				GCC_WARN_UNDECLARED_SELECTOR = YES;
				GCC_WARN_UNINITIALIZED_AUTOS = YES_AGGRESSIVE;
				GCC_WARN_UNUSED_FUNCTION = YES;
				GCC_WARN_UNUSED_VARIABLE = YES;
				IPHONEOS_DEPLOYMENT_TARGET = 8.1;
				MTL_ENABLE_DEBUG_INFO = NO;
				SDKROOT = iphoneos;
				VALIDATE_PRODUCT = YES;
			};
			name = Release;
		};
		12A1895E1ABFBD0200A70BF5 /* Debug */ = {
			isa = XCBuildConfiguration;
			buildSettings = {
				ASSETCATALOG_COMPILER_APPICON_NAME = AppIcon;
				INFOPLIST_FILE = TTToe/Info.plist;
				LD_RUNPATH_SEARCH_PATHS = "$(inherited) @executable_path/Frameworks";
				PRODUCT_NAME = "$(TARGET_NAME)";
			};
			name = Debug;
		};
		12A1895F1ABFBD0200A70BF5 /* Release */ = {
			isa = XCBuildConfiguration;
			buildSettings = {
				ASSETCATALOG_COMPILER_APPICON_NAME = AppIcon;
				INFOPLIST_FILE = TTToe/Info.plist;
				LD_RUNPATH_SEARCH_PATHS = "$(inherited) @executable_path/Frameworks";
				PRODUCT_NAME = "$(TARGET_NAME)";
			};
			name = Release;
		};
		12A189611ABFBD0200A70BF5 /* Debug */ = {
			isa = XCBuildConfiguration;
			buildSettings = {
				BUNDLE_LOADER = "$(TEST_HOST)";
				FRAMEWORK_SEARCH_PATHS = (
					"$(SDKROOT)/Developer/Library/Frameworks",
					"$(inherited)",
				);
				GCC_PREPROCESSOR_DEFINITIONS = (
					"DEBUG=1",
					"$(inherited)",
				);
				INFOPLIST_FILE = TTToeTests/Info.plist;
				LD_RUNPATH_SEARCH_PATHS = "$(inherited) @executable_path/Frameworks @loader_path/Frameworks";
				PRODUCT_NAME = "$(TARGET_NAME)";
				TEST_HOST = "$(BUILT_PRODUCTS_DIR)/TTToe.app/TTToe";
			};
			name = Debug;
		};
		12A189621ABFBD0200A70BF5 /* Release */ = {
			isa = XCBuildConfiguration;
			buildSettings = {
				BUNDLE_LOADER = "$(TEST_HOST)";
				FRAMEWORK_SEARCH_PATHS = (
					"$(SDKROOT)/Developer/Library/Frameworks",
					"$(inherited)",
				);
				INFOPLIST_FILE = TTToeTests/Info.plist;
				LD_RUNPATH_SEARCH_PATHS = "$(inherited) @executable_path/Frameworks @loader_path/Frameworks";
				PRODUCT_NAME = "$(TARGET_NAME)";
				TEST_HOST = "$(BUILT_PRODUCTS_DIR)/TTToe.app/TTToe";
			};
			name = Release;
		};
/* End XCBuildConfiguration section */

/* Begin XCConfigurationList section */
		12A189351ABFBD0200A70BF5 /* Build configuration list for PBXProject "TTToe" */ = {
			isa = XCConfigurationList;
			buildConfigurations = (
				12A1895B1ABFBD0200A70BF5 /* Debug */,
				12A1895C1ABFBD0200A70BF5 /* Release */,
			);
			defaultConfigurationIsVisible = 0;
			defaultConfigurationName = Release;
		};
		12A1895D1ABFBD0200A70BF5 /* Build configuration list for PBXNativeTarget "TTToe" */ = {
			isa = XCConfigurationList;
			buildConfigurations = (
				12A1895E1ABFBD0200A70BF5 /* Debug */,
				12A1895F1ABFBD0200A70BF5 /* Release */,
			);
			defaultConfigurationIsVisible = 0;
			defaultConfigurationName = Release;
		};
		12A189601ABFBD0200A70BF5 /* Build configuration list for PBXNativeTarget "TTToeTests" */ = {
			isa = XCConfigurationList;
			buildConfigurations = (
				12A189611ABFBD0200A70BF5 /* Debug */,
				12A189621ABFBD0200A70BF5 /* Release */,
			);
			defaultConfigurationIsVisible = 0;
			defaultConfigurationName = Release;
		};
/* End XCConfigurationList section */
	};
	rootObject = 12A189321ABFBD0200A70BF5 /* Project object */;
}
